
Microsoft Visual Studio Solution File, Format Version 11.00
# Visual Studio 2010
# SharpDevelop 5.1
Project("{FAE04EC0-301F-11D3-BF4B-00C04F79EFBC}") = "KSPDev_Utils", "Utils\KSPDev_Utils.csproj", "{01A7B80C-E283-4651-B879-3CC5EFAAA1A4}"
EndProject
Project("{FAE04EC0-301F-11D3-BF4B-00C04F79EFBC}") = "KSPDev_LogConsole", "LogConsole\KSPDev_LogConsole.csproj", "{3AF7B56C-D140-488C-8F66-CDE221F67DC2}"
EndProject
Global
	GlobalSection(SolutionConfigurationPlatforms) = preSolution
		Debug|Any CPU = Debug|Any CPU
		Release|Any CPU = Release|Any CPU
	EndGlobalSection
	GlobalSection(ProjectConfigurationPlatforms) = postSolution
		{3C0C1ACF-15FB-4852-A15A-BC3F16D3EF33}.Debug|Any CPU.ActiveCfg = Debug|Any CPU
		{3C0C1ACF-15FB-4852-A15A-BC3F16D3EF33}.Debug|Any CPU.Build.0 = Debug|Any CPU
		{3C0C1ACF-15FB-4852-A15A-BC3F16D3EF33}.Release|Any CPU.ActiveCfg = Release|Any CPU
		{3C0C1ACF-15FB-4852-A15A-BC3F16D3EF33}.Release|Any CPU.Build.0 = Release|Any CPU
		{01A7B80C-E283-4651-B879-3CC5EFAAA1A4}.Debug|Any CPU.ActiveCfg = Debug|Any CPU
		{01A7B80C-E283-4651-B879-3CC5EFAAA1A4}.Debug|Any CPU.Build.0 = Debug|Any CPU
		{01A7B80C-E283-4651-B879-3CC5EFAAA1A4}.Release|Any CPU.ActiveCfg = Release|Any CPU
		{01A7B80C-E283-4651-B879-3CC5EFAAA1A4}.Release|Any CPU.Build.0 = Release|Any CPU
		{3AF7B56C-D140-488C-8F66-CDE221F67DC2}.Debug|Any CPU.ActiveCfg = Debug|Any CPU
		{3AF7B56C-D140-488C-8F66-CDE221F67DC2}.Debug|Any CPU.Build.0 = Debug|Any CPU
		{3AF7B56C-D140-488C-8F66-CDE221F67DC2}.Release|Any CPU.ActiveCfg = Release|Any CPU
		{3AF7B56C-D140-488C-8F66-CDE221F67DC2}.Release|Any CPU.Build.0 = Release|Any CPU
	EndGlobalSection
EndGlobal
